
Microsoft Visual Studio Solution File, Format Version 12.00
# Visual Studio Version 17
VisualStudioVersion = 17.5.33516.290
MinimumVisualStudioVersion = 10.0.40219.1
Project("{FAE04EC0-301F-11D3-BF4B-00C04F79EFBC}") = "MoviesApi", "MoviesApi\MoviesApi.csproj", "{BE9D049A-85D6-4305-9FF2-51F1B5A2D8A7}"
EndProject
Global
	GlobalSection(SolutionConfigurationPlatforms) = preSolution
		Debug|Any CPU = Debug|Any CPU
		Release|Any CPU = Release|Any CPU
	EndGlobalSection
	GlobalSection(ProjectConfigurationPlatforms) = postSolution
		{BE9D049A-85D6-4305-9FF2-51F1B5A2D8A7}.Debug|Any CPU.ActiveCfg = Debug|Any CPU
		{BE9D049A-85D6-4305-9FF2-51F1B5A2D8A7}.Debug|Any CPU.Build.0 = Debug|Any CPU
		{BE9D049A-85D6-4305-9FF2-51F1B5A2D8A7}.Release|Any CPU.ActiveCfg = Release|Any CPU
		{BE9D049A-85D6-4305-9FF2-51F1B5A2D8A7}.Release|Any CPU.Build.0 = Release|Any CPU
	EndGlobalSection
	GlobalSection(SolutionProperties) = preSolution
		HideSolutionNode = FALSE
	EndGlobalSection
	GlobalSection(ExtensibilityGlobals) = postSolution
		SolutionGuid = {26F423D2-1B04-423F-91B8-D413832261F4}
	EndGlobalSection
EndGlobal
